
Microsoft Visual Studio Solution File, Format Version 12.00
# Visual Studio Version 16
VisualStudioVersion = 16.0.30907.101
MinimumVisualStudioVersion = 10.0.40219.1
Project("{9A19103F-16F7-4668-BE54-9A1E7A4F7556}") = "Entities", "Entities\Entities.csproj", "{A75F3B78-9FE5-409C-8565-7D8A83EB4C26}"
EndProject
Project("{9A19103F-16F7-4668-BE54-9A1E7A4F7556}") = "DataAccess", "DataAccess\DataAccess.csproj", "{12681B72-9E1F-4AF6-8740-EE68B24811D1}"
EndProject
Project("{9A19103F-16F7-4668-BE54-9A1E7A4F7556}") = "Business", "Business\Business.csproj", "{59535547-61B5-4846-B338-070FEA6B1462}"
EndProject
Project("{9A19103F-16F7-4668-BE54-9A1E7A4F7556}") = "ConsoleUI", "ConsoleUI\ConsoleUI.csproj", "{373B627D-ACF6-439B-B3C2-F704EF20603E}"
EndProject
Project("{9A19103F-16F7-4668-BE54-9A1E7A4F7556}") = "Core", "Core\Core.csproj", "{EC6FFB0D-249C-44EE-B4CA-60B1A570AB87}"
EndProject
Project("{FAE04EC0-301F-11D3-BF4B-00C04F79EFBC}") = "WepAPI", "WepAPI\WepAPI.csproj", "{FA04211A-2FBE-4032-BA4B-6A4850D2F09A}"
EndProject
Global
	GlobalSection(SolutionConfigurationPlatforms) = preSolution
		Debug|Any CPU = Debug|Any CPU
		Release|Any CPU = Release|Any CPU
	EndGlobalSection
	GlobalSection(ProjectConfigurationPlatforms) = postSolution
		{A75F3B78-9FE5-409C-8565-7D8A83EB4C26}.Debug|Any CPU.ActiveCfg = Debug|Any CPU
		{A75F3B78-9FE5-409C-8565-7D8A83EB4C26}.Debug|Any CPU.Build.0 = Debug|Any CPU
		{A75F3B78-9FE5-409C-8565-7D8A83EB4C26}.Release|Any CPU.ActiveCfg = Release|Any CPU
		{A75F3B78-9FE5-409C-8565-7D8A83EB4C26}.Release|Any CPU.Build.0 = Release|Any CPU
		{12681B72-9E1F-4AF6-8740-EE68B24811D1}.Debug|Any CPU.ActiveCfg = Debug|Any CPU
		{12681B72-9E1F-4AF6-8740-EE68B24811D1}.Debug|Any CPU.Build.0 = Debug|Any CPU
		{12681B72-9E1F-4AF6-8740-EE68B24811D1}.Release|Any CPU.ActiveCfg = Release|Any CPU
		{12681B72-9E1F-4AF6-8740-EE68B24811D1}.Release|Any CPU.Build.0 = Release|Any CPU
		{59535547-61B5-4846-B338-070FEA6B1462}.Debug|Any CPU.ActiveCfg = Debug|Any CPU
		{59535547-61B5-4846-B338-070FEA6B1462}.Debug|Any CPU.Build.0 = Debug|Any CPU
		{59535547-61B5-4846-B338-070FEA6B1462}.Release|Any CPU.ActiveCfg = Release|Any CPU
		{59535547-61B5-4846-B338-070FEA6B1462}.Release|Any CPU.Build.0 = Release|Any CPU
		{373B627D-ACF6-439B-B3C2-F704EF20603E}.Debug|Any CPU.ActiveCfg = Debug|Any CPU
		{373B627D-ACF6-439B-B3C2-F704EF20603E}.Debug|Any CPU.Build.0 = Debug|Any CPU
		{373B627D-ACF6-439B-B3C2-F704EF20603E}.Release|Any CPU.ActiveCfg = Release|Any CPU
		{373B627D-ACF6-439B-B3C2-F704EF20603E}.Release|Any CPU.Build.0 = Release|Any CPU
		{EC6FFB0D-249C-44EE-B4CA-60B1A570AB87}.Debug|Any CPU.ActiveCfg = Debug|Any CPU
		{EC6FFB0D-249C-44EE-B4CA-60B1A570AB87}.Debug|Any CPU.Build.0 = Debug|Any CPU
		{EC6FFB0D-249C-44EE-B4CA-60B1A570AB87}.Release|Any CPU.ActiveCfg = Release|Any CPU
		{EC6FFB0D-249C-44EE-B4CA-60B1A570AB87}.Release|Any CPU.Build.0 = Release|Any CPU
		{FA04211A-2FBE-4032-BA4B-6A4850D2F09A}.Debug|Any CPU.ActiveCfg = Debug|Any CPU
		{FA04211A-2FBE-4032-BA4B-6A4850D2F09A}.Debug|Any CPU.Build.0 = Debug|Any CPU
		{FA04211A-2FBE-4032-BA4B-6A4850D2F09A}.Release|Any CPU.ActiveCfg = Release|Any CPU
		{FA04211A-2FBE-4032-BA4B-6A4850D2F09A}.Release|Any CPU.Build.0 = Release|Any CPU
	EndGlobalSection
	GlobalSection(SolutionProperties) = preSolution
		HideSolutionNode = FALSE
	EndGlobalSection
	GlobalSection(ExtensibilityGlobals) = postSolution
		SolutionGuid = {7CEF1B44-ADC6-47F0-BB71-757F5A0E3E1C}
	EndGlobalSection
EndGlobal
